
Microsoft Visual Studio Solution File, Format Version 12.00
# Visual Studio Version 17
VisualStudioVersion = 17.5.33516.290
MinimumVisualStudioVersion = 10.0.40219.1
Project("{FAE04EC0-301F-11D3-BF4B-00C04F79EFBC}") = "Blazor_Academy", "Blazor_Academy\Blazor_Academy.csproj", "{4903A03F-5F31-4C52-BFE5-4365660EA982}"
EndProject
Global
	GlobalSection(SolutionConfigurationPlatforms) = preSolution
		Debug|Any CPU = Debug|Any CPU
		Release|Any CPU = Release|Any CPU
	EndGlobalSection
	GlobalSection(ProjectConfigurationPlatforms) = postSolution
		{4903A03F-5F31-4C52-BFE5-4365660EA982}.Debug|Any CPU.ActiveCfg = Debug|Any CPU
		{4903A03F-5F31-4C52-BFE5-4365660EA982}.Debug|Any CPU.Build.0 = Debug|Any CPU
		{4903A03F-5F31-4C52-BFE5-4365660EA982}.Release|Any CPU.ActiveCfg = Release|Any CPU
		{4903A03F-5F31-4C52-BFE5-4365660EA982}.Release|Any CPU.Build.0 = Release|Any CPU
	EndGlobalSection
	GlobalSection(SolutionProperties) = preSolution
		HideSolutionNode = FALSE
	EndGlobalSection
	GlobalSection(ExtensibilityGlobals) = postSolution
		SolutionGuid = {88E6E4F0-B77D-4071-ABEA-7BAD16913A2B}
	EndGlobalSection
EndGlobal
